Microsoft Visual Studio Solution File, Format Version 12.00
# Visual Studio Version 17
VisualStudioVersion = 17.5.2.0
MinimumVisualStudioVersion = 10.0.40219.1
Project("{FAE04EC0-301F-11D3-BF4B-00C04F79EFBC}") = "Proyecto1_NL15_47", "Proyecto1_NL15_47.csproj", "{61736B59-6D08-9908-D534-B61083167775}"
EndProject
Global
	GlobalSection(SolutionConfigurationPlatforms) = preSolution
		Debug|Any CPU = Debug|Any CPU
		Release|Any CPU = Release|Any CPU
	EndGlobalSection
	GlobalSection(ProjectConfigurationPlatforms) = postSolution
		{61736B59-6D08-9908-D534-B61083167775}.Debug|Any CPU.ActiveCfg = Debug|Any CPU
		{61736B59-6D08-9908-D534-B61083167775}.Debug|Any CPU.Build.0 = Debug|Any CPU
		{61736B59-6D08-9908-D534-B61083167775}.Release|Any CPU.ActiveCfg = Release|Any CPU
		{61736B59-6D08-9908-D534-B61083167775}.Release|Any CPU.Build.0 = Release|Any CPU
	EndGlobalSection
	GlobalSection(SolutionProperties) = preSolution
		HideSolutionNode = FALSE
	EndGlobalSection
	GlobalSection(ExtensibilityGlobals) = postSolution
		SolutionGuid = {8301B5FD-E8B9-48C5-A9C0-64FBBABCF6D7}
	EndGlobalSection
EndGlobal
