Microsoft Visual Studio Solution File, Format Version 12.00
# Visual Studio Version 17
VisualStudioVersion = 17.5.2.0
MinimumVisualStudioVersion = 10.0.40219.1
Project("{FAE04EC0-301F-11D3-BF4B-00C04F79EFBC}") = "Practica10_NL15_47", "Practica10_NL15_47.csproj", "{C7A277FE-59D6-96B5-C904-B80B6303EEA8}"
EndProject
Global
	GlobalSection(SolutionConfigurationPlatforms) = preSolution
		Debug|Any CPU = Debug|Any CPU
		Release|Any CPU = Release|Any CPU
	EndGlobalSection
	GlobalSection(ProjectConfigurationPlatforms) = postSolution
		{C7A277FE-59D6-96B5-C904-B80B6303EEA8}.Debug|Any CPU.ActiveCfg = Debug|Any CPU
		{C7A277FE-59D6-96B5-C904-B80B6303EEA8}.Debug|Any CPU.Build.0 = Debug|Any CPU
		{C7A277FE-59D6-96B5-C904-B80B6303EEA8}.Release|Any CPU.ActiveCfg = Release|Any CPU
		{C7A277FE-59D6-96B5-C904-B80B6303EEA8}.Release|Any CPU.Build.0 = Release|Any CPU
	EndGlobalSection
	GlobalSection(SolutionProperties) = preSolution
		HideSolutionNode = FALSE
	EndGlobalSection
	GlobalSection(ExtensibilityGlobals) = postSolution
		SolutionGuid = {E07542E5-B685-4D81-9AB9-DDDB64DA1D7C}
	EndGlobalSection
EndGlobal
