
Microsoft Visual Studio Solution File, Format Version 12.00
# Visual Studio Version 17
VisualStudioVersion = 17.5.2.0
MinimumVisualStudioVersion = 10.0.40219.1
Project("{FAE04EC0-301F-11D3-BF4B-00C04F79EFBC}") = "Proyecto1_api_NL15_47", "Proyecto1_api_NL15_47.csproj", "{893BA053-97A2-4F68-F737-364013E24B22}"
EndProject
Project("{FAE04EC0-301F-11D3-BF4B-00C04F79EFBC}") = "ASTA", "..\ASTA\ASTA.csproj", "{AF47D8C0-B327-482E-9115-EB59C179A6FB}"
EndProject
Project("{FAE04EC0-301F-11D3-BF4B-00C04F79EFBC}") = "Bazar", "..\Bazar\Bazar.csproj", "{58B9E7E7-5D2D-497F-9EA6-2373FCCB44CF}"
EndProject
Project("{FAE04EC0-301F-11D3-BF4B-00C04F79EFBC}") = "Calendario", "..\Calendario\Calendario.csproj", "{57863188-D063-4D47-AD8D-A4A7D5DA099D}"
EndProject
Project("{FAE04EC0-301F-11D3-BF4B-00C04F79EFBC}") = "Gastos", "..\Gastos\Gastos.csproj", "{F9CE1111-7BE6-4898-BED5-F9DC1A5F7941}"
EndProject
Global
	GlobalSection(SolutionConfigurationPlatforms) = preSolution
		Debug|Any CPU = Debug|Any CPU
		Debug|x64 = Debug|x64
		Debug|x86 = Debug|x86
		Release|Any CPU = Release|Any CPU
		Release|x64 = Release|x64
		Release|x86 = Release|x86
	EndGlobalSection
	GlobalSection(ProjectConfigurationPlatforms) = postSolution
		{893BA053-97A2-4F68-F737-364013E24B22}.Debug|Any CPU.ActiveCfg = Debug|Any CPU
		{893BA053-97A2-4F68-F737-364013E24B22}.Debug|Any CPU.Build.0 = Debug|Any CPU
		{893BA053-97A2-4F68-F737-364013E24B22}.Debug|x64.ActiveCfg = Debug|Any CPU
		{893BA053-97A2-4F68-F737-364013E24B22}.Debug|x64.Build.0 = Debug|Any CPU
		{893BA053-97A2-4F68-F737-364013E24B22}.Debug|x86.ActiveCfg = Debug|Any CPU
		{893BA053-97A2-4F68-F737-364013E24B22}.Debug|x86.Build.0 = Debug|Any CPU
		{893BA053-97A2-4F68-F737-364013E24B22}.Release|Any CPU.ActiveCfg = Release|Any CPU
		{893BA053-97A2-4F68-F737-364013E24B22}.Release|Any CPU.Build.0 = Release|Any CPU
		{893BA053-97A2-4F68-F737-364013E24B22}.Release|x64.ActiveCfg = Release|Any CPU
		{893BA053-97A2-4F68-F737-364013E24B22}.Release|x64.Build.0 = Release|Any CPU
		{893BA053-97A2-4F68-F737-364013E24B22}.Release|x86.ActiveCfg = Release|Any CPU
		{893BA053-97A2-4F68-F737-364013E24B22}.Release|x86.Build.0 = Release|Any CPU
		{AF47D8C0-B327-482E-9115-EB59C179A6FB}.Debug|Any CPU.ActiveCfg = Debug|Any CPU
		{AF47D8C0-B327-482E-9115-EB59C179A6FB}.Debug|Any CPU.Build.0 = Debug|Any CPU
		{AF47D8C0-B327-482E-9115-EB59C179A6FB}.Debug|x64.ActiveCfg = Debug|Any CPU
		{AF47D8C0-B327-482E-9115-EB59C179A6FB}.Debug|x64.Build.0 = Debug|Any CPU
		{AF47D8C0-B327-482E-9115-EB59C179A6FB}.Debug|x86.ActiveCfg = Debug|Any CPU
		{AF47D8C0-B327-482E-9115-EB59C179A6FB}.Debug|x86.Build.0 = Debug|Any CPU
		{AF47D8C0-B327-482E-9115-EB59C179A6FB}.Release|Any CPU.ActiveCfg = Release|Any CPU
		{AF47D8C0-B327-482E-9115-EB59C179A6FB}.Release|Any CPU.Build.0 = Release|Any CPU
		{AF47D8C0-B327-482E-9115-EB59C179A6FB}.Release|x64.ActiveCfg = Release|Any CPU
		{AF47D8C0-B327-482E-9115-EB59C179A6FB}.Release|x64.Build.0 = Release|Any CPU
		{AF47D8C0-B327-482E-9115-EB59C179A6FB}.Release|x86.ActiveCfg = Release|Any CPU
		{AF47D8C0-B327-482E-9115-EB59C179A6FB}.Release|x86.Build.0 = Release|Any CPU
		{58B9E7E7-5D2D-497F-9EA6-2373FCCB44CF}.Debug|Any CPU.ActiveCfg = Debug|Any CPU
		{58B9E7E7-5D2D-497F-9EA6-2373FCCB44CF}.Debug|Any CPU.Build.0 = Debug|Any CPU
		{58B9E7E7-5D2D-497F-9EA6-2373FCCB44CF}.Debug|x64.ActiveCfg = Debug|Any CPU
		{58B9E7E7-5D2D-497F-9EA6-2373FCCB44CF}.Debug|x64.Build.0 = Debug|Any CPU
		{58B9E7E7-5D2D-497F-9EA6-2373FCCB44CF}.Debug|x86.ActiveCfg = Debug|Any CPU
		{58B9E7E7-5D2D-497F-9EA6-2373FCCB44CF}.Debug|x86.Build.0 = Debug|Any CPU
		{58B9E7E7-5D2D-497F-9EA6-2373FCCB44CF}.Release|Any CPU.ActiveCfg = Release|Any CPU
		{58B9E7E7-5D2D-497F-9EA6-2373FCCB44CF}.Release|Any CPU.Build.0 = Release|Any CPU
		{58B9E7E7-5D2D-497F-9EA6-2373FCCB44CF}.Release|x64.ActiveCfg = Release|Any CPU
		{58B9E7E7-5D2D-497F-9EA6-2373FCCB44CF}.Release|x64.Build.0 = Release|Any CPU
		{58B9E7E7-5D2D-497F-9EA6-2373FCCB44CF}.Release|x86.ActiveCfg = Release|Any CPU
		{58B9E7E7-5D2D-497F-9EA6-2373FCCB44CF}.Release|x86.Build.0 = Release|Any CPU
		{57863188-D063-4D47-AD8D-A4A7D5DA099D}.Debug|Any CPU.ActiveCfg = Debug|Any CPU
		{57863188-D063-4D47-AD8D-A4A7D5DA099D}.Debug|Any CPU.Build.0 = Debug|Any CPU
		{57863188-D063-4D47-AD8D-A4A7D5DA099D}.Debug|x64.ActiveCfg = Debug|Any CPU
		{57863188-D063-4D47-AD8D-A4A7D5DA099D}.Debug|x64.Build.0 = Debug|Any CPU
		{57863188-D063-4D47-AD8D-A4A7D5DA099D}.Debug|x86.ActiveCfg = Debug|Any CPU
		{57863188-D063-4D47-AD8D-A4A7D5DA099D}.Debug|x86.Build.0 = Debug|Any CPU
		{57863188-D063-4D47-AD8D-A4A7D5DA099D}.Release|Any CPU.ActiveCfg = Release|Any CPU
		{57863188-D063-4D47-AD8D-A4A7D5DA099D}.Release|Any CPU.Build.0 = Release|Any CPU
		{57863188-D063-4D47-AD8D-A4A7D5DA099D}.Release|x64.ActiveCfg = Release|Any CPU
		{57863188-D063-4D47-AD8D-A4A7D5DA099D}.Release|x64.Build.0 = Release|Any CPU
		{57863188-D063-4D47-AD8D-A4A7D5DA099D}.Release|x86.ActiveCfg = Release|Any CPU
		{57863188-D063-4D47-AD8D-A4A7D5DA099D}.Release|x86.Build.0 = Release|Any CPU
		{F9CE1111-7BE6-4898-BED5-F9DC1A5F7941}.Debug|Any CPU.ActiveCfg = Debug|Any CPU
		{F9CE1111-7BE6-4898-BED5-F9DC1A5F7941}.Debug|Any CPU.Build.0 = Debug|Any CPU
		{F9CE1111-7BE6-4898-BED5-F9DC1A5F7941}.Debug|x64.ActiveCfg = Debug|Any CPU
		{F9CE1111-7BE6-4898-BED5-F9DC1A5F7941}.Debug|x64.Build.0 = Debug|Any CPU
		{F9CE1111-7BE6-4898-BED5-F9DC1A5F7941}.Debug|x86.ActiveCfg = Debug|Any CPU
		{F9CE1111-7BE6-4898-BED5-F9DC1A5F7941}.Debug|x86.Build.0 = Debug|Any CPU
		{F9CE1111-7BE6-4898-BED5-F9DC1A5F7941}.Release|Any CPU.ActiveCfg = Release|Any CPU
		{F9CE1111-7BE6-4898-BED5-F9DC1A5F7941}.Release|Any CPU.Build.0 = Release|Any CPU
		{F9CE1111-7BE6-4898-BED5-F9DC1A5F7941}.Release|x64.ActiveCfg = Release|Any CPU
		{F9CE1111-7BE6-4898-BED5-F9DC1A5F7941}.Release|x64.Build.0 = Release|Any CPU
		{F9CE1111-7BE6-4898-BED5-F9DC1A5F7941}.Release|x86.ActiveCfg = Release|Any CPU
		{F9CE1111-7BE6-4898-BED5-F9DC1A5F7941}.Release|x86.Build.0 = Release|Any CPU
	EndGlobalSection
	GlobalSection(SolutionProperties) = preSolution
		HideSolutionNode = FALSE
	EndGlobalSection
	GlobalSection(ExtensibilityGlobals) = postSolution
		SolutionGuid = {BACB587B-A021-439A-9658-52BC07D7BC78}
	EndGlobalSection
EndGlobal
